
Microsoft Visual Studio Solution File, Format Version 12.00
# Visual Studio Version 16
VisualStudioVersion = 16.0.30114.105
MinimumVisualStudioVersion = 10.0.40219.1
Project("{9A19103F-16F7-4668-BE54-9A1E7A4F7556}") = "R5T.F0014", "R5T.F0014\R5T.F0014.csproj", "{6095E8E2-0507-44AF-991F-4DABE3441A8C}"
EndProject
Project("{2150E333-8FDC-42A3-9474-1A3956D46DE8}") = "_Dependencies", "_Dependencies", "{E0D1BB69-CA10-4D90-9CFA-633ADBB2FD6E}"
EndProject
Project("{9A19103F-16F7-4668-BE54-9A1E7A4F7556}") = "R5T.F0010", "..\..\R5T.F0010\source\R5T.F0010\R5T.F0010.csproj", "{0C125DFD-53B3-43D1-AA79-610BF3A5FFA2}"
EndProject
Project("{9A19103F-16F7-4668-BE54-9A1E7A4F7556}") = "R5T.X0016", "..\..\R5T.X0016\source\R5T.X0016\R5T.X0016.csproj", "{D6351D0C-A55B-4FE8-BD06-072F3A1FE6D4}"
EndProject
Project("{9A19103F-16F7-4668-BE54-9A1E7A4F7556}") = "R5T.B0006.X0000", "..\..\R5T.B0006.X0000\source\R5T.B0006.X0000\R5T.B0006.X0000.csproj", "{9154E693-CDCA-436C-B65D-E23893E325DA}"
EndProject
Project("{9A19103F-16F7-4668-BE54-9A1E7A4F7556}") = "R5T.B0006", "..\..\R5T.B0006\source\R5T.B0006\R5T.B0006.csproj", "{42B9F514-E4B8-4F4B-A1C2-068FF3142EE7}"
EndProject
Project("{9A19103F-16F7-4668-BE54-9A1E7A4F7556}") = "R5T.T0039.T002", "..\..\R5T.T0039\source\R5T.T0039.T002\R5T.T0039.T002.csproj", "{C388A2DF-2EF3-4929-8C53-D59F648301CB}"
EndProject
Project("{9A19103F-16F7-4668-BE54-9A1E7A4F7556}") = "R5T.X0005", "..\..\R5T.X0005\source\R5T.X0005\R5T.X0005.csproj", "{4FA301E5-4912-4A09-B303-EC41600DE5F4}"
EndProject
Project("{9A19103F-16F7-4668-BE54-9A1E7A4F7556}") = "R5T.F0003", "..\..\R5T.F0003\source\R5T.F0003\R5T.F0003.csproj", "{24EE2D3D-DA9D-4C8E-A63B-F8A77454D90C}"
EndProject
Project("{9A19103F-16F7-4668-BE54-9A1E7A4F7556}") = "R5T.L0011", "..\..\R5T.L0011\source\R5T.L0011\R5T.L0011.csproj", "{611B58AF-BDDE-4AD4-A99F-C1B3E854DE15}"
EndProject
Project("{9A19103F-16F7-4668-BE54-9A1E7A4F7556}") = "R5T.T0132", "..\..\R5T.T0132\source\R5T.T0132\R5T.T0132.csproj", "{EEBCB0FC-4E31-4220-884C-2FBF3F156429}"
EndProject
Project("{9A19103F-16F7-4668-BE54-9A1E7A4F7556}") = "R5T.Magyar", "..\..\R5T.Magyar\source\R5T.Magyar\R5T.Magyar.csproj", "{A5C288C9-4014-40DD-B634-242944142C14}"
EndProject
Project("{9A19103F-16F7-4668-BE54-9A1E7A4F7556}") = "R5T.B0006.X0004", "..\..\R5T.B0006.X0004\source\R5T.B0006.X0004\R5T.B0006.X0004.csproj", "{77A7AFD2-A6E9-46DD-B1E2-F01E3C130EB5}"
EndProject
Project("{9A19103F-16F7-4668-BE54-9A1E7A4F7556}") = "R5T.B0006.X0001", "..\..\R5T.B0006.X0001\source\R5T.B0006.X0001\R5T.B0006.X0001.csproj", "{D2D7DE57-17CE-4504-BF9B-582FA44EF88A}"
EndProject
Project("{9A19103F-16F7-4668-BE54-9A1E7A4F7556}") = "R5T.F0004", "..\..\R5T.F0004\source\R5T.F0004\R5T.F0004.csproj", "{9F776339-46AB-4F40-9EAC-BAE1F5E4DD70}"
EndProject
Project("{9A19103F-16F7-4668-BE54-9A1E7A4F7556}") = "R5T.Z0000", "..\..\R5T.Z0000\source\R5T.Z0000\R5T.Z0000.csproj", "{6B7FDB62-C9FC-4EE3-BFED-93904A8028ED}"
EndProject
Project("{9A19103F-16F7-4668-BE54-9A1E7A4F7556}") = "R5T.T0131", "..\..\R5T.T0131\source\R5T.T0131\R5T.T0131.csproj", "{49C98ABC-9636-44CF-9193-0614E2DF17CF}"
EndProject
Project("{9A19103F-16F7-4668-BE54-9A1E7A4F7556}") = "R5T.B0007.X0002", "..\..\R5T.B0007.X0002\source\R5T.B0007.X0002\R5T.B0007.X0002.csproj", "{5A8087A7-1831-44AC-964B-4E624F2978B7}"
EndProject
Project("{9A19103F-16F7-4668-BE54-9A1E7A4F7556}") = "R5T.B0007.X0001", "..\..\R5T.B0007.X0001\source\R5T.B0007.X0001\R5T.B0007.X0001.csproj", "{C7F4AABD-2CE8-4E32-9A16-DFD2A277B73F}"
EndProject
Project("{9A19103F-16F7-4668-BE54-9A1E7A4F7556}") = "R5T.B0007", "..\..\R5T.B0007\source\R5T.B0007\R5T.B0007.csproj", "{D1D8A65D-B3BF-4467-9A81-B1CDFA4ECF17}"
EndProject
Project("{9A19103F-16F7-4668-BE54-9A1E7A4F7556}") = "R5T.F0007", "..\..\R5T.F0007\source\R5T.F0007\R5T.F0007.csproj", "{3185AAC7-08C9-4071-B3AD-F8CC13A1E13F}"
EndProject
Project("{9A19103F-16F7-4668-BE54-9A1E7A4F7556}") = "R5T.T0136", "..\..\R5T.T0136\source\R5T.T0136\R5T.T0136.csproj", "{6FCD0314-9D2C-49AF-85DF-15AE1C0E046E}"
EndProject
Project("{9A19103F-16F7-4668-BE54-9A1E7A4F7556}") = "R5T.B0007.X0003", "..\..\R5T.B0007.X0003\source\R5T.B0007.X0003\R5T.B0007.X0003.csproj", "{4FF2FD8B-3CD3-4FC1-B981-40D763990EE5}"
EndProject
Project("{9A19103F-16F7-4668-BE54-9A1E7A4F7556}") = "R5T.X0014", "..\..\R5T.X0014\source\R5T.X0014\R5T.X0014.csproj", "{917EC4F6-A2C3-42FD-9F84-C5D3937E94EF}"
EndProject
Project("{9A19103F-16F7-4668-BE54-9A1E7A4F7556}") = "R5T.F0008", "..\..\R5T.F0008\source\R5T.F0008\R5T.F0008.csproj", "{15F25024-006A-4147-9EA9-686C0184052A}"
EndProject
Project("{9A19103F-16F7-4668-BE54-9A1E7A4F7556}") = "R5T.B0006.X0005", "..\..\R5T.B0006.X0005\source\R5T.B0006.X0005\R5T.B0006.X0005.csproj", "{F4340E84-30AD-4C8C-9B40-BF4952453269}"
EndProject
Project("{9A19103F-16F7-4668-BE54-9A1E7A4F7556}") = "R5T.Z0003", "..\..\R5T.Z0003\source\R5T.Z0003\R5T.Z0003.csproj", "{1BE80CDC-F10F-4DEB-87EF-5D504BE2F21A}"
EndProject
Project("{9A19103F-16F7-4668-BE54-9A1E7A4F7556}") = "R5T.X0007", "..\..\R5T.X0007\source\R5T.X0007\R5T.X0007.csproj", "{A546BC39-D000-4425-9968-CB3115055ABC}"
EndProject
Project("{9A19103F-16F7-4668-BE54-9A1E7A4F7556}") = "R5T.B0006.X0002", "..\..\R5T.B0006.X0002\source\R5T.B0006.X0002\R5T.B0006.X0002.csproj", "{AA3971E4-05B4-4828-AB43-BA12763187FD}"
EndProject
Project("{9A19103F-16F7-4668-BE54-9A1E7A4F7556}") = "R5T.F0005", "..\..\R5T.F0005\source\R5T.F0005\R5T.F0005.csproj", "{A429E7EE-911D-4A94-8CBB-ADD7B1176879}"
EndProject
Project("{9A19103F-16F7-4668-BE54-9A1E7A4F7556}") = "R5T.X0008", "..\..\R5T.X0008\source\R5T.X0008\R5T.X0008.csproj", "{C11FF1DE-332D-4287-8B4A-94468EAEE176}"
EndProject
Project("{9A19103F-16F7-4668-BE54-9A1E7A4F7556}") = "R5T.F0009", "..\..\R5T.F0009\source\R5T.F0009\R5T.F0009.csproj", "{875C30D8-1C6A-4D10-92FB-54B0479BC11B}"
EndProject
Project("{9A19103F-16F7-4668-BE54-9A1E7A4F7556}") = "R5T.X0010", "..\..\R5T.X0010\source\R5T.X0010\R5T.X0010.csproj", "{3E97B74C-9725-436D-93FF-2AB39AF0EE7B}"
EndProject
Project("{9A19103F-16F7-4668-BE54-9A1E7A4F7556}") = "R5T.F0011", "..\..\R5T.F0011\source\R5T.F0011\R5T.F0011.csproj", "{63EBDCEB-4ED7-4035-86C1-94FF5BAFBAC8}"
EndProject
Project("{9A19103F-16F7-4668-BE54-9A1E7A4F7556}") = "R5T.X0009", "..\..\R5T.X0009\source\R5T.X0009\R5T.X0009.csproj", "{510A54AF-89BA-43C3-BF5B-C93CC065E498}"
EndProject
Project("{9A19103F-16F7-4668-BE54-9A1E7A4F7556}") = "R5T.T0129", "..\..\R5T.T0129\source\R5T.T0129\R5T.T0129.csproj", "{AE608931-CA40-422D-8104-534017224B3C}"
EndProject
Project("{9A19103F-16F7-4668-BE54-9A1E7A4F7556}") = "R5T.T0138", "..\..\R5T.T0138\source\R5T.T0138\R5T.T0138.csproj", "{02979FCF-87B2-49C4-B961-94032950E5A6}"
EndProject
Project("{9A19103F-16F7-4668-BE54-9A1E7A4F7556}") = "R5T.X0011", "..\..\R5T.X0011\source\R5T.X0011\R5T.X0011.csproj", "{E1EBF217-714C-4164-AAD0-30B1793A0C43}"
EndProject
Project("{9A19103F-16F7-4668-BE54-9A1E7A4F7556}") = "R5T.B0006.X0006", "..\..\R5T.B0006.X0006\source\R5T.B0006.X0006\R5T.B0006.X0006.csproj", "{96B3808F-D6A6-47BC-A20A-61CFB5A7081D}"
EndProject
Project("{9A19103F-16F7-4668-BE54-9A1E7A4F7556}") = "R5T.F0012", "..\..\R5T.F0012\source\R5T.F0012\R5T.F0012.csproj", "{DBE2E843-6F7D-4B7D-AFFA-625BD50AF0CB}"
EndProject
Project("{9A19103F-16F7-4668-BE54-9A1E7A4F7556}") = "R5T.T0135", "..\..\R5T.T0135\source\R5T.T0135\R5T.T0135.csproj", "{99955C2C-EEB2-460C-AE61-2B4061595805}"
EndProject
Project("{9A19103F-16F7-4668-BE54-9A1E7A4F7556}") = "R5T.X0012", "..\..\R5T.X0012\source\R5T.X0012\R5T.X0012.csproj", "{62231A72-1791-468E-AAE5-E8960E3FD5C5}"
EndProject
Project("{9A19103F-16F7-4668-BE54-9A1E7A4F7556}") = "R5T.F0013", "..\..\R5T.F0013\source\R5T.F0013\R5T.F0013.csproj", "{03EB752C-2CA6-449A-8B95-71C128FC9D8C}"
EndProject
Project("{9A19103F-16F7-4668-BE54-9A1E7A4F7556}") = "R5T.T0134", "..\..\R5T.T0134\source\R5T.T0134\R5T.T0134.csproj", "{ECEC479F-4C39-4C5D-9DBC-EFF675E9CEF6}"
EndProject
Project("{9A19103F-16F7-4668-BE54-9A1E7A4F7556}") = "R5T.X0013", "..\..\R5T.X0013\source\R5T.X0013\R5T.X0013.csproj", "{7F802F8E-DC80-4510-8E66-7FF44A4AD6D8}"
EndProject
Project("{9A19103F-16F7-4668-BE54-9A1E7A4F7556}") = "R5T.X0015", "..\..\R5T.X0015\source\R5T.X0015\R5T.X0015.csproj", "{A1C06FAC-4878-47BE-8693-31D1F29A54D2}"
EndProject
Global
	GlobalSection(SolutionConfigurationPlatforms) = preSolution
		Debug|Any CPU = Debug|Any CPU
		Debug|x64 = Debug|x64
		Debug|x86 = Debug|x86
		Release|Any CPU = Release|Any CPU
		Release|x64 = Release|x64
		Release|x86 = Release|x86
	EndGlobalSection
	GlobalSection(ProjectConfigurationPlatforms) = postSolution
		{6095E8E2-0507-44AF-991F-4DABE3441A8C}.Debug|Any CPU.ActiveCfg = Debug|Any CPU
		{6095E8E2-0507-44AF-991F-4DABE3441A8C}.Debug|Any CPU.Build.0 = Debug|Any CPU
		{6095E8E2-0507-44AF-991F-4DABE3441A8C}.Debug|x64.ActiveCfg = Debug|Any CPU
		{6095E8E2-0507-44AF-991F-4DABE3441A8C}.Debug|x64.Build.0 = Debug|Any CPU
		{6095E8E2-0507-44AF-991F-4DABE3441A8C}.Debug|x86.ActiveCfg = Debug|Any CPU
		{6095E8E2-0507-44AF-991F-4DABE3441A8C}.Debug|x86.Build.0 = Debug|Any CPU
		{6095E8E2-0507-44AF-991F-4DABE3441A8C}.Release|Any CPU.ActiveCfg = Release|Any CPU
		{6095E8E2-0507-44AF-991F-4DABE3441A8C}.Release|Any CPU.Build.0 = Release|Any CPU
		{6095E8E2-0507-44AF-991F-4DABE3441A8C}.Release|x64.ActiveCfg = Release|Any CPU
		{6095E8E2-0507-44AF-991F-4DABE3441A8C}.Release|x64.Build.0 = Release|Any CPU
		{6095E8E2-0507-44AF-991F-4DABE3441A8C}.Release|x86.ActiveCfg = Release|Any CPU
		{6095E8E2-0507-44AF-991F-4DABE3441A8C}.Release|x86.Build.0 = Release|Any CPU
		{0C125DFD-53B3-43D1-AA79-610BF3A5FFA2}.Debug|Any CPU.ActiveCfg = Debug|Any CPU
		{0C125DFD-53B3-43D1-AA79-610BF3A5FFA2}.Debug|Any CPU.Build.0 = Debug|Any CPU
		{0C125DFD-53B3-43D1-AA79-610BF3A5FFA2}.Debug|x64.ActiveCfg = Debug|Any CPU
		{0C125DFD-53B3-43D1-AA79-610BF3A5FFA2}.Debug|x64.Build.0 = Debug|Any CPU
		{0C125DFD-53B3-43D1-AA79-610BF3A5FFA2}.Debug|x86.ActiveCfg = Debug|Any CPU
		{0C125DFD-53B3-43D1-AA79-610BF3A5FFA2}.Debug|x86.Build.0 = Debug|Any CPU
		{0C125DFD-53B3-43D1-AA79-610BF3A5FFA2}.Release|Any CPU.ActiveCfg = Release|Any CPU
		{0C125DFD-53B3-43D1-AA79-610BF3A5FFA2}.Release|Any CPU.Build.0 = Release|Any CPU
		{0C125DFD-53B3-43D1-AA79-610BF3A5FFA2}.Release|x64.ActiveCfg = Release|Any CPU
		{0C125DFD-53B3-43D1-AA79-610BF3A5FFA2}.Release|x64.Build.0 = Release|Any CPU
		{0C125DFD-53B3-43D1-AA79-610BF3A5FFA2}.Release|x86.ActiveCfg = Release|Any CPU
		{0C125DFD-53B3-43D1-AA79-610BF3A5FFA2}.Release|x86.Build.0 = Release|Any CPU
		{D6351D0C-A55B-4FE8-BD06-072F3A1FE6D4}.Debug|Any CPU.ActiveCfg = Debug|Any CPU
		{D6351D0C-A55B-4FE8-BD06-072F3A1FE6D4}.Debug|Any CPU.Build.0 = Debug|Any CPU
		{D6351D0C-A55B-4FE8-BD06-072F3A1FE6D4}.Debug|x64.ActiveCfg = Debug|Any CPU
		{D6351D0C-A55B-4FE8-BD06-072F3A1FE6D4}.Debug|x64.Build.0 = Debug|Any CPU
		{D6351D0C-A55B-4FE8-BD06-072F3A1FE6D4}.Debug|x86.ActiveCfg = Debug|Any CPU
		{D6351D0C-A55B-4FE8-BD06-072F3A1FE6D4}.Debug|x86.Build.0 = Debug|Any CPU
		{D6351D0C-A55B-4FE8-BD06-072F3A1FE6D4}.Release|Any CPU.ActiveCfg = Release|Any CPU
		{D6351D0C-A55B-4FE8-BD06-072F3A1FE6D4}.Release|Any CPU.Build.0 = Release|Any CPU
		{D6351D0C-A55B-4FE8-BD06-072F3A1FE6D4}.Release|x64.ActiveCfg = Release|Any CPU
		{D6351D0C-A55B-4FE8-BD06-072F3A1FE6D4}.Release|x64.Build.0 = Release|Any CPU
		{D6351D0C-A55B-4FE8-BD06-072F3A1FE6D4}.Release|x86.ActiveCfg = Release|Any CPU
		{D6351D0C-A55B-4FE8-BD06-072F3A1FE6D4}.Release|x86.Build.0 = Release|Any CPU
		{9154E693-CDCA-436C-B65D-E23893E325DA}.Debug|Any CPU.ActiveCfg = Debug|Any CPU
		{9154E693-CDCA-436C-B65D-E23893E325DA}.Debug|Any CPU.Build.0 = Debug|Any CPU
		{9154E693-CDCA-436C-B65D-E23893E325DA}.Debug|x64.ActiveCfg = Debug|Any CPU
		{9154E693-CDCA-436C-B65D-E23893E325DA}.Debug|x64.Build.0 = Debug|Any CPU
		{9154E693-CDCA-436C-B65D-E23893E325DA}.Debug|x86.ActiveCfg = Debug|Any CPU
		{9154E693-CDCA-436C-B65D-E23893E325DA}.Debug|x86.Build.0 = Debug|Any CPU
		{9154E693-CDCA-436C-B65D-E23893E325DA}.Release|Any CPU.ActiveCfg = Release|Any CPU
		{9154E693-CDCA-436C-B65D-E23893E325DA}.Release|Any CPU.Build.0 = Release|Any CPU
		{9154E693-CDCA-436C-B65D-E23893E325DA}.Release|x64.ActiveCfg = Release|Any CPU
		{9154E693-CDCA-436C-B65D-E23893E325DA}.Release|x64.Build.0 = Release|Any CPU
		{9154E693-CDCA-436C-B65D-E23893E325DA}.Release|x86.ActiveCfg = Release|Any CPU
		{9154E693-CDCA-436C-B65D-E23893E325DA}.Release|x86.Build.0 = Release|Any CPU
		{42B9F514-E4B8-4F4B-A1C2-068FF3142EE7}.Debug|Any CPU.ActiveCfg = Debug|Any CPU
		{42B9F514-E4B8-4F4B-A1C2-068FF3142EE7}.Debug|Any CPU.Build.0 = Debug|Any CPU
		{42B9F514-E4B8-4F4B-A1C2-068FF3142EE7}.Debug|x64.ActiveCfg = Debug|Any CPU
		{42B9F514-E4B8-4F4B-A1C2-068FF3142EE7}.Debug|x64.Build.0 = Debug|Any CPU
		{42B9F514-E4B8-4F4B-A1C2-068FF3142EE7}.Debug|x86.ActiveCfg = Debug|Any CPU
		{42B9F514-E4B8-4F4B-A1C2-068FF3142EE7}.Debug|x86.Build.0 = Debug|Any CPU
		{42B9F514-E4B8-4F4B-A1C2-068FF3142EE7}.Release|Any CPU.ActiveCfg = Release|Any CPU
		{42B9F514-E4B8-4F4B-A1C2-068FF3142EE7}.Release|Any CPU.Build.0 = Release|Any CPU
		{42B9F514-E4B8-4F4B-A1C2-068FF3142EE7}.Release|x64.ActiveCfg = Release|Any CPU
		{42B9F514-E4B8-4F4B-A1C2-068FF3142EE7}.Release|x64.Build.0 = Release|Any CPU
		{42B9F514-E4B8-4F4B-A1C2-068FF3142EE7}.Release|x86.ActiveCfg = Release|Any CPU
		{42B9F514-E4B8-4F4B-A1C2-068FF3142EE7}.Release|x86.Build.0 = Release|Any CPU
		{C388A2DF-2EF3-4929-8C53-D59F648301CB}.Debug|Any CPU.ActiveCfg = Debug|Any CPU
		{C388A2DF-2EF3-4929-8C53-D59F648301CB}.Debug|Any CPU.Build.0 = Debug|Any CPU
		{C388A2DF-2EF3-4929-8C53-D59F648301CB}.Debug|x64.ActiveCfg = Debug|Any CPU
		{C388A2DF-2EF3-4929-8C53-D59F648301CB}.Debug|x64.Build.0 = Debug|Any CPU
		{C388A2DF-2EF3-4929-8C53-D59F648301CB}.Debug|x86.ActiveCfg = Debug|Any CPU
		{C388A2DF-2EF3-4929-8C53-D59F648301CB}.Debug|x86.Build.0 = Debug|Any CPU
		{C388A2DF-2EF3-4929-8C53-D59F648301CB}.Release|Any CPU.ActiveCfg = Release|Any CPU
		{C388A2DF-2EF3-4929-8C53-D59F648301CB}.Release|Any CPU.Build.0 = Release|Any CPU
		{C388A2DF-2EF3-4929-8C53-D59F648301CB}.Release|x64.ActiveCfg = Release|Any CPU
		{C388A2DF-2EF3-4929-8C53-D59F648301CB}.Release|x64.Build.0 = Release|Any CPU
		{C388A2DF-2EF3-4929-8C53-D59F648301CB}.Release|x86.ActiveCfg = Release|Any CPU
		{C388A2DF-2EF3-4929-8C53-D59F648301CB}.Release|x86.Build.0 = Release|Any CPU
		{4FA301E5-4912-4A09-B303-EC41600DE5F4}.Debug|Any CPU.ActiveCfg = Debug|Any CPU
		{4FA301E5-4912-4A09-B303-EC41600DE5F4}.Debug|Any CPU.Build.0 = Debug|Any CPU
		{4FA301E5-4912-4A09-B303-EC41600DE5F4}.Debug|x64.ActiveCfg = Debug|Any CPU
		{4FA301E5-4912-4A09-B303-EC41600DE5F4}.Debug|x64.Build.0 = Debug|Any CPU
		{4FA301E5-4912-4A09-B303-EC41600DE5F4}.Debug|x86.ActiveCfg = Debug|Any CPU
		{4FA301E5-4912-4A09-B303-EC41600DE5F4}.Debug|x86.Build.0 = Debug|Any CPU
		{4FA301E5-4912-4A09-B303-EC41600DE5F4}.Release|Any CPU.ActiveCfg = Release|Any CPU
		{4FA301E5-4912-4A09-B303-EC41600DE5F4}.Release|Any CPU.Build.0 = Release|Any CPU
		{4FA301E5-4912-4A09-B303-EC41600DE5F4}.Release|x64.ActiveCfg = Release|Any CPU
		{4FA301E5-4912-4A09-B303-EC41600DE5F4}.Release|x64.Build.0 = Release|Any CPU
		{4FA301E5-4912-4A09-B303-EC41600DE5F4}.Release|x86.ActiveCfg = Release|Any CPU
		{4FA301E5-4912-4A09-B303-EC41600DE5F4}.Release|x86.Build.0 = Release|Any CPU
		{24EE2D3D-DA9D-4C8E-A63B-F8A77454D90C}.Debug|Any CPU.ActiveCfg = Debug|Any CPU
		{24EE2D3D-DA9D-4C8E-A63B-F8A77454D90C}.Debug|Any CPU.Build.0 = Debug|Any CPU
		{24EE2D3D-DA9D-4C8E-A63B-F8A77454D90C}.Debug|x64.ActiveCfg = Debug|Any CPU
		{24EE2D3D-DA9D-4C8E-A63B-F8A77454D90C}.Debug|x64.Build.0 = Debug|Any CPU
		{24EE2D3D-DA9D-4C8E-A63B-F8A77454D90C}.Debug|x86.ActiveCfg = Debug|Any CPU
		{24EE2D3D-DA9D-4C8E-A63B-F8A77454D90C}.Debug|x86.Build.0 = Debug|Any CPU
		{24EE2D3D-DA9D-4C8E-A63B-F8A77454D90C}.Release|Any CPU.ActiveCfg = Release|Any CPU
		{24EE2D3D-DA9D-4C8E-A63B-F8A77454D90C}.Release|Any CPU.Build.0 = Release|Any CPU
		{24EE2D3D-DA9D-4C8E-A63B-F8A77454D90C}.Release|x64.ActiveCfg = Release|Any CPU
		{24EE2D3D-DA9D-4C8E-A63B-F8A77454D90C}.Release|x64.Build.0 = Release|Any CPU
		{24EE2D3D-DA9D-4C8E-A63B-F8A77454D90C}.Release|x86.ActiveCfg = Release|Any CPU
		{24EE2D3D-DA9D-4C8E-A63B-F8A77454D90C}.Release|x86.Build.0 = Release|Any CPU
		{611B58AF-BDDE-4AD4-A99F-C1B3E854DE15}.Debug|Any CPU.ActiveCfg = Debug|Any CPU
		{611B58AF-BDDE-4AD4-A99F-C1B3E854DE15}.Debug|Any CPU.Build.0 = Debug|Any CPU
		{611B58AF-BDDE-4AD4-A99F-C1B3E854DE15}.Debug|x64.ActiveCfg = Debug|Any CPU
		{611B58AF-BDDE-4AD4-A99F-C1B3E854DE15}.Debug|x64.Build.0 = Debug|Any CPU
		{611B58AF-BDDE-4AD4-A99F-C1B3E854DE15}.Debug|x86.ActiveCfg = Debug|Any CPU
		{611B58AF-BDDE-4AD4-A99F-C1B3E854DE15}.Debug|x86.Build.0 = Debug|Any CPU
		{611B58AF-BDDE-4AD4-A99F-C1B3E854DE15}.Release|Any CPU.ActiveCfg = Release|Any CPU
		{611B58AF-BDDE-4AD4-A99F-C1B3E854DE15}.Release|Any CPU.Build.0 = Release|Any CPU
		{611B58AF-BDDE-4AD4-A99F-C1B3E854DE15}.Release|x64.ActiveCfg = Release|Any CPU
		{611B58AF-BDDE-4AD4-A99F-C1B3E854DE15}.Release|x64.Build.0 = Release|Any CPU
		{611B58AF-BDDE-4AD4-A99F-C1B3E854DE15}.Release|x86.ActiveCfg = Release|Any CPU
		{611B58AF-BDDE-4AD4-A99F-C1B3E854DE15}.Release|x86.Build.0 = Release|Any CPU
		{EEBCB0FC-4E31-4220-884C-2FBF3F156429}.Debug|Any CPU.ActiveCfg = Debug|Any CPU
		{EEBCB0FC-4E31-4220-884C-2FBF3F156429}.Debug|Any CPU.Build.0 = Debug|Any CPU
		{EEBCB0FC-4E31-4220-884C-2FBF3F156429}.Debug|x64.ActiveCfg = Debug|Any CPU
		{EEBCB0FC-4E31-4220-884C-2FBF3F156429}.Debug|x64.Build.0 = Debug|Any CPU
		{EEBCB0FC-4E31-4220-884C-2FBF3F156429}.Debug|x86.ActiveCfg = Debug|Any CPU
		{EEBCB0FC-4E31-4220-884C-2FBF3F156429}.Debug|x86.Build.0 = Debug|Any CPU
		{EEBCB0FC-4E31-4220-884C-2FBF3F156429}.Release|Any CPU.ActiveCfg = Release|Any CPU
		{EEBCB0FC-4E31-4220-884C-2FBF3F156429}.Release|Any CPU.Build.0 = Release|Any CPU
		{EEBCB0FC-4E31-4220-884C-2FBF3F156429}.Release|x64.ActiveCfg = Release|Any CPU
		{EEBCB0FC-4E31-4220-884C-2FBF3F156429}.Release|x64.Build.0 = Release|Any CPU
		{EEBCB0FC-4E31-4220-884C-2FBF3F156429}.Release|x86.ActiveCfg = Release|Any CPU
		{EEBCB0FC-4E31-4220-884C-2FBF3F156429}.Release|x86.Build.0 = Release|Any CPU
		{A5C288C9-4014-40DD-B634-242944142C14}.Debug|Any CPU.ActiveCfg = Debug|Any CPU
		{A5C288C9-4014-40DD-B634-242944142C14}.Debug|Any CPU.Build.0 = Debug|Any CPU
		{A5C288C9-4014-40DD-B634-242944142C14}.Debug|x64.ActiveCfg = Debug|Any CPU
		{A5C288C9-4014-40DD-B634-242944142C14}.Debug|x64.Build.0 = Debug|Any CPU
		{A5C288C9-4014-40DD-B634-242944142C14}.Debug|x86.ActiveCfg = Debug|Any CPU
		{A5C288C9-4014-40DD-B634-242944142C14}.Debug|x86.Build.0 = Debug|Any CPU
		{A5C288C9-4014-40DD-B634-242944142C14}.Release|Any CPU.ActiveCfg = Release|Any CPU
		{A5C288C9-4014-40DD-B634-242944142C14}.Release|Any CPU.Build.0 = Release|Any CPU
		{A5C288C9-4014-40DD-B634-242944142C14}.Release|x64.ActiveCfg = Release|Any CPU
		{A5C288C9-4014-40DD-B634-242944142C14}.Release|x64.Build.0 = Release|Any CPU
		{A5C288C9-4014-40DD-B634-242944142C14}.Release|x86.ActiveCfg = Release|Any CPU
		{A5C288C9-4014-40DD-B634-242944142C14}.Release|x86.Build.0 = Release|Any CPU
		{77A7AFD2-A6E9-46DD-B1E2-F01E3C130EB5}.Debug|Any CPU.ActiveCfg = Debug|Any CPU
		{77A7AFD2-A6E9-46DD-B1E2-F01E3C130EB5}.Debug|Any CPU.Build.0 = Debug|Any CPU
		{77A7AFD2-A6E9-46DD-B1E2-F01E3C130EB5}.Debug|x64.ActiveCfg = Debug|Any CPU
		{77A7AFD2-A6E9-46DD-B1E2-F01E3C130EB5}.Debug|x64.Build.0 = Debug|Any CPU
		{77A7AFD2-A6E9-46DD-B1E2-F01E3C130EB5}.Debug|x86.ActiveCfg = Debug|Any CPU
		{77A7AFD2-A6E9-46DD-B1E2-F01E3C130EB5}.Debug|x86.Build.0 = Debug|Any CPU
		{77A7AFD2-A6E9-46DD-B1E2-F01E3C130EB5}.Release|Any CPU.ActiveCfg = Release|Any CPU
		{77A7AFD2-A6E9-46DD-B1E2-F01E3C130EB5}.Release|Any CPU.Build.0 = Release|Any CPU
		{77A7AFD2-A6E9-46DD-B1E2-F01E3C130EB5}.Release|x64.ActiveCfg = Release|Any CPU
		{77A7AFD2-A6E9-46DD-B1E2-F01E3C130EB5}.Release|x64.Build.0 = Release|Any CPU
		{77A7AFD2-A6E9-46DD-B1E2-F01E3C130EB5}.Release|x86.ActiveCfg = Release|Any CPU
		{77A7AFD2-A6E9-46DD-B1E2-F01E3C130EB5}.Release|x86.Build.0 = Release|Any CPU
		{D2D7DE57-17CE-4504-BF9B-582FA44EF88A}.Debug|Any CPU.ActiveCfg = Debug|Any CPU
		{D2D7DE57-17CE-4504-BF9B-582FA44EF88A}.Debug|Any CPU.Build.0 = Debug|Any CPU
		{D2D7DE57-17CE-4504-BF9B-582FA44EF88A}.Debug|x64.ActiveCfg = Debug|Any CPU
		{D2D7DE57-17CE-4504-BF9B-582FA44EF88A}.Debug|x64.Build.0 = Debug|Any CPU
		{D2D7DE57-17CE-4504-BF9B-582FA44EF88A}.Debug|x86.ActiveCfg = Debug|Any CPU
		{D2D7DE57-17CE-4504-BF9B-582FA44EF88A}.Debug|x86.Build.0 = Debug|Any CPU
		{D2D7DE57-17CE-4504-BF9B-582FA44EF88A}.Release|Any CPU.ActiveCfg = Release|Any CPU
		{D2D7DE57-17CE-4504-BF9B-582FA44EF88A}.Release|Any CPU.Build.0 = Release|Any CPU
		{D2D7DE57-17CE-4504-BF9B-582FA44EF88A}.Release|x64.ActiveCfg = Release|Any CPU
		{D2D7DE57-17CE-4504-BF9B-582FA44EF88A}.Release|x64.Build.0 = Release|Any CPU
		{D2D7DE57-17CE-4504-BF9B-582FA44EF88A}.Release|x86.ActiveCfg = Release|Any CPU
		{D2D7DE57-17CE-4504-BF9B-582FA44EF88A}.Release|x86.Build.0 = Release|Any CPU
		{9F776339-46AB-4F40-9EAC-BAE1F5E4DD70}.Debug|Any CPU.ActiveCfg = Debug|Any CPU
		{9F776339-46AB-4F40-9EAC-BAE1F5E4DD70}.Debug|Any CPU.Build.0 = Debug|Any CPU
		{9F776339-46AB-4F40-9EAC-BAE1F5E4DD70}.Debug|x64.ActiveCfg = Debug|Any CPU
		{9F776339-46AB-4F40-9EAC-BAE1F5E4DD70}.Debug|x64.Build.0 = Debug|Any CPU
		{9F776339-46AB-4F40-9EAC-BAE1F5E4DD70}.Debug|x86.ActiveCfg = Debug|Any CPU
		{9F776339-46AB-4F40-9EAC-BAE1F5E4DD70}.Debug|x86.Build.0 = Debug|Any CPU
		{9F776339-46AB-4F40-9EAC-BAE1F5E4DD70}.Release|Any CPU.ActiveCfg = Release|Any CPU
		{9F776339-46AB-4F40-9EAC-BAE1F5E4DD70}.Release|Any CPU.Build.0 = Release|Any CPU
		{9F776339-46AB-4F40-9EAC-BAE1F5E4DD70}.Release|x64.ActiveCfg = Release|Any CPU
		{9F776339-46AB-4F40-9EAC-BAE1F5E4DD70}.Release|x64.Build.0 = Release|Any CPU
		{9F776339-46AB-4F40-9EAC-BAE1F5E4DD70}.Release|x86.ActiveCfg = Release|Any CPU
		{9F776339-46AB-4F40-9EAC-BAE1F5E4DD70}.Release|x86.Build.0 = Release|Any CPU
		{6B7FDB62-C9FC-4EE3-BFED-93904A8028ED}.Debug|Any CPU.ActiveCfg = Debug|Any CPU
		{6B7FDB62-C9FC-4EE3-BFED-93904A8028ED}.Debug|Any CPU.Build.0 = Debug|Any CPU
		{6B7FDB62-C9FC-4EE3-BFED-93904A8028ED}.Debug|x64.ActiveCfg = Debug|Any CPU
		{6B7FDB62-C9FC-4EE3-BFED-93904A8028ED}.Debug|x64.Build.0 = Debug|Any CPU
		{6B7FDB62-C9FC-4EE3-BFED-93904A8028ED}.Debug|x86.ActiveCfg = Debug|Any CPU
		{6B7FDB62-C9FC-4EE3-BFED-93904A8028ED}.Debug|x86.Build.0 = Debug|Any CPU
		{6B7FDB62-C9FC-4EE3-BFED-93904A8028ED}.Release|Any CPU.ActiveCfg = Release|Any CPU
		{6B7FDB62-C9FC-4EE3-BFED-93904A8028ED}.Release|Any CPU.Build.0 = Release|Any CPU
		{6B7FDB62-C9FC-4EE3-BFED-93904A8028ED}.Release|x64.ActiveCfg = Release|Any CPU
		{6B7FDB62-C9FC-4EE3-BFED-93904A8028ED}.Release|x64.Build.0 = Release|Any CPU
		{6B7FDB62-C9FC-4EE3-BFED-93904A8028ED}.Release|x86.ActiveCfg = Release|Any CPU
		{6B7FDB62-C9FC-4EE3-BFED-93904A8028ED}.Release|x86.Build.0 = Release|Any CPU
		{49C98ABC-9636-44CF-9193-0614E2DF17CF}.Debug|Any CPU.ActiveCfg = Debug|Any CPU
		{49C98ABC-9636-44CF-9193-0614E2DF17CF}.Debug|Any CPU.Build.0 = Debug|Any CPU
		{49C98ABC-9636-44CF-9193-0614E2DF17CF}.Debug|x64.ActiveCfg = Debug|Any CPU
		{49C98ABC-9636-44CF-9193-0614E2DF17CF}.Debug|x64.Build.0 = Debug|Any CPU
		{49C98ABC-9636-44CF-9193-0614E2DF17CF}.Debug|x86.ActiveCfg = Debug|Any CPU
		{49C98ABC-9636-44CF-9193-0614E2DF17CF}.Debug|x86.Build.0 = Debug|Any CPU
		{49C98ABC-9636-44CF-9193-0614E2DF17CF}.Release|Any CPU.ActiveCfg = Release|Any CPU
		{49C98ABC-9636-44CF-9193-0614E2DF17CF}.Release|Any CPU.Build.0 = Release|Any CPU
		{49C98ABC-9636-44CF-9193-0614E2DF17CF}.Release|x64.ActiveCfg = Release|Any CPU
		{49C98ABC-9636-44CF-9193-0614E2DF17CF}.Release|x64.Build.0 = Release|Any CPU
		{49C98ABC-9636-44CF-9193-0614E2DF17CF}.Release|x86.ActiveCfg = Release|Any CPU
		{49C98ABC-9636-44CF-9193-0614E2DF17CF}.Release|x86.Build.0 = Release|Any CPU
		{5A8087A7-1831-44AC-964B-4E624F2978B7}.Debug|Any CPU.ActiveCfg = Debug|Any CPU
		{5A8087A7-1831-44AC-964B-4E624F2978B7}.Debug|Any CPU.Build.0 = Debug|Any CPU
		{5A8087A7-1831-44AC-964B-4E624F2978B7}.Debug|x64.ActiveCfg = Debug|Any CPU
		{5A8087A7-1831-44AC-964B-4E624F2978B7}.Debug|x64.Build.0 = Debug|Any CPU
		{5A8087A7-1831-44AC-964B-4E624F2978B7}.Debug|x86.ActiveCfg = Debug|Any CPU
		{5A8087A7-1831-44AC-964B-4E624F2978B7}.Debug|x86.Build.0 = Debug|Any CPU
		{5A8087A7-1831-44AC-964B-4E624F2978B7}.Release|Any CPU.ActiveCfg = Release|Any CPU
		{5A8087A7-1831-44AC-964B-4E624F2978B7}.Release|Any CPU.Build.0 = Release|Any CPU
		{5A8087A7-1831-44AC-964B-4E624F2978B7}.Release|x64.ActiveCfg = Release|Any CPU
		{5A8087A7-1831-44AC-964B-4E624F2978B7}.Release|x64.Build.0 = Release|Any CPU
		{5A8087A7-1831-44AC-964B-4E624F2978B7}.Release|x86.ActiveCfg = Release|Any CPU
		{5A8087A7-1831-44AC-964B-4E624F2978B7}.Release|x86.Build.0 = Release|Any CPU
		{C7F4AABD-2CE8-4E32-9A16-DFD2A277B73F}.Debug|Any CPU.ActiveCfg = Debug|Any CPU
		{C7F4AABD-2CE8-4E32-9A16-DFD2A277B73F}.Debug|Any CPU.Build.0 = Debug|Any CPU
		{C7F4AABD-2CE8-4E32-9A16-DFD2A277B73F}.Debug|x64.ActiveCfg = Debug|Any CPU
		{C7F4AABD-2CE8-4E32-9A16-DFD2A277B73F}.Debug|x64.Build.0 = Debug|Any CPU
		{C7F4AABD-2CE8-4E32-9A16-DFD2A277B73F}.Debug|x86.ActiveCfg = Debug|Any CPU
		{C7F4AABD-2CE8-4E32-9A16-DFD2A277B73F}.Debug|x86.Build.0 = Debug|Any CPU
		{C7F4AABD-2CE8-4E32-9A16-DFD2A277B73F}.Release|Any CPU.ActiveCfg = Release|Any CPU
		{C7F4AABD-2CE8-4E32-9A16-DFD2A277B73F}.Release|Any CPU.Build.0 = Release|Any CPU
		{C7F4AABD-2CE8-4E32-9A16-DFD2A277B73F}.Release|x64.ActiveCfg = Release|Any CPU
		{C7F4AABD-2CE8-4E32-9A16-DFD2A277B73F}.Release|x64.Build.0 = Release|Any CPU
		{C7F4AABD-2CE8-4E32-9A16-DFD2A277B73F}.Release|x86.ActiveCfg = Release|Any CPU
		{C7F4AABD-2CE8-4E32-9A16-DFD2A277B73F}.Release|x86.Build.0 = Release|Any CPU
		{D1D8A65D-B3BF-4467-9A81-B1CDFA4ECF17}.Debug|Any CPU.ActiveCfg = Debug|Any CPU
		{D1D8A65D-B3BF-4467-9A81-B1CDFA4ECF17}.Debug|Any CPU.Build.0 = Debug|Any CPU
		{D1D8A65D-B3BF-4467-9A81-B1CDFA4ECF17}.Debug|x64.ActiveCfg = Debug|Any CPU
		{D1D8A65D-B3BF-4467-9A81-B1CDFA4ECF17}.Debug|x64.Build.0 = Debug|Any CPU
		{D1D8A65D-B3BF-4467-9A81-B1CDFA4ECF17}.Debug|x86.ActiveCfg = Debug|Any CPU
		{D1D8A65D-B3BF-4467-9A81-B1CDFA4ECF17}.Debug|x86.Build.0 = Debug|Any CPU
		{D1D8A65D-B3BF-4467-9A81-B1CDFA4ECF17}.Release|Any CPU.ActiveCfg = Release|Any CPU
		{D1D8A65D-B3BF-4467-9A81-B1CDFA4ECF17}.Release|Any CPU.Build.0 = Release|Any CPU
		{D1D8A65D-B3BF-4467-9A81-B1CDFA4ECF17}.Release|x64.ActiveCfg = Release|Any CPU
		{D1D8A65D-B3BF-4467-9A81-B1CDFA4ECF17}.Release|x64.Build.0 = Release|Any CPU
		{D1D8A65D-B3BF-4467-9A81-B1CDFA4ECF17}.Release|x86.ActiveCfg = Release|Any CPU
		{D1D8A65D-B3BF-4467-9A81-B1CDFA4ECF17}.Release|x86.Build.0 = Release|Any CPU
		{3185AAC7-08C9-4071-B3AD-F8CC13A1E13F}.Debug|Any CPU.ActiveCfg = Debug|Any CPU
		{3185AAC7-08C9-4071-B3AD-F8CC13A1E13F}.Debug|Any CPU.Build.0 = Debug|Any CPU
		{3185AAC7-08C9-4071-B3AD-F8CC13A1E13F}.Debug|x64.ActiveCfg = Debug|Any CPU
		{3185AAC7-08C9-4071-B3AD-F8CC13A1E13F}.Debug|x64.Build.0 = Debug|Any CPU
		{3185AAC7-08C9-4071-B3AD-F8CC13A1E13F}.Debug|x86.ActiveCfg = Debug|Any CPU
		{3185AAC7-08C9-4071-B3AD-F8CC13A1E13F}.Debug|x86.Build.0 = Debug|Any CPU
		{3185AAC7-08C9-4071-B3AD-F8CC13A1E13F}.Release|Any CPU.ActiveCfg = Release|Any CPU
		{3185AAC7-08C9-4071-B3AD-F8CC13A1E13F}.Release|Any CPU.Build.0 = Release|Any CPU
		{3185AAC7-08C9-4071-B3AD-F8CC13A1E13F}.Release|x64.ActiveCfg = Release|Any CPU
		{3185AAC7-08C9-4071-B3AD-F8CC13A1E13F}.Release|x64.Build.0 = Release|Any CPU
		{3185AAC7-08C9-4071-B3AD-F8CC13A1E13F}.Release|x86.ActiveCfg = Release|Any CPU
		{3185AAC7-08C9-4071-B3AD-F8CC13A1E13F}.Release|x86.Build.0 = Release|Any CPU
		{6FCD0314-9D2C-49AF-85DF-15AE1C0E046E}.Debug|Any CPU.ActiveCfg = Debug|Any CPU
		{6FCD0314-9D2C-49AF-85DF-15AE1C0E046E}.Debug|Any CPU.Build.0 = Debug|Any CPU
		{6FCD0314-9D2C-49AF-85DF-15AE1C0E046E}.Debug|x64.ActiveCfg = Debug|Any CPU
		{6FCD0314-9D2C-49AF-85DF-15AE1C0E046E}.Debug|x64.Build.0 = Debug|Any CPU
		{6FCD0314-9D2C-49AF-85DF-15AE1C0E046E}.Debug|x86.ActiveCfg = Debug|Any CPU
		{6FCD0314-9D2C-49AF-85DF-15AE1C0E046E}.Debug|x86.Build.0 = Debug|Any CPU
		{6FCD0314-9D2C-49AF-85DF-15AE1C0E046E}.Release|Any CPU.ActiveCfg = Release|Any CPU
		{6FCD0314-9D2C-49AF-85DF-15AE1C0E046E}.Release|Any CPU.Build.0 = Release|Any CPU
		{6FCD0314-9D2C-49AF-85DF-15AE1C0E046E}.Release|x64.ActiveCfg = Release|Any CPU
		{6FCD0314-9D2C-49AF-85DF-15AE1C0E046E}.Release|x64.Build.0 = Release|Any CPU
		{6FCD0314-9D2C-49AF-85DF-15AE1C0E046E}.Release|x86.ActiveCfg = Release|Any CPU
		{6FCD0314-9D2C-49AF-85DF-15AE1C0E046E}.Release|x86.Build.0 = Release|Any CPU
		{4FF2FD8B-3CD3-4FC1-B981-40D763990EE5}.Debug|Any CPU.ActiveCfg = Debug|Any CPU
		{4FF2FD8B-3CD3-4FC1-B981-40D763990EE5}.Debug|Any CPU.Build.0 = Debug|Any CPU
		{4FF2FD8B-3CD3-4FC1-B981-40D763990EE5}.Debug|x64.ActiveCfg = Debug|Any CPU
		{4FF2FD8B-3CD3-4FC1-B981-40D763990EE5}.Debug|x64.Build.0 = Debug|Any CPU
		{4FF2FD8B-3CD3-4FC1-B981-40D763990EE5}.Debug|x86.ActiveCfg = Debug|Any CPU
		{4FF2FD8B-3CD3-4FC1-B981-40D763990EE5}.Debug|x86.Build.0 = Debug|Any CPU
		{4FF2FD8B-3CD3-4FC1-B981-40D763990EE5}.Release|Any CPU.ActiveCfg = Release|Any CPU
		{4FF2FD8B-3CD3-4FC1-B981-40D763990EE5}.Release|Any CPU.Build.0 = Release|Any CPU
		{4FF2FD8B-3CD3-4FC1-B981-40D763990EE5}.Release|x64.ActiveCfg = Release|Any CPU
		{4FF2FD8B-3CD3-4FC1-B981-40D763990EE5}.Release|x64.Build.0 = Release|Any CPU
		{4FF2FD8B-3CD3-4FC1-B981-40D763990EE5}.Release|x86.ActiveCfg = Release|Any CPU
		{4FF2FD8B-3CD3-4FC1-B981-40D763990EE5}.Release|x86.Build.0 = Release|Any CPU
		{917EC4F6-A2C3-42FD-9F84-C5D3937E94EF}.Debug|Any CPU.ActiveCfg = Debug|Any CPU
		{917EC4F6-A2C3-42FD-9F84-C5D3937E94EF}.Debug|Any CPU.Build.0 = Debug|Any CPU
		{917EC4F6-A2C3-42FD-9F84-C5D3937E94EF}.Debug|x64.ActiveCfg = Debug|Any CPU
		{917EC4F6-A2C3-42FD-9F84-C5D3937E94EF}.Debug|x64.Build.0 = Debug|Any CPU
		{917EC4F6-A2C3-42FD-9F84-C5D3937E94EF}.Debug|x86.ActiveCfg = Debug|Any CPU
		{917EC4F6-A2C3-42FD-9F84-C5D3937E94EF}.Debug|x86.Build.0 = Debug|Any CPU
		{917EC4F6-A2C3-42FD-9F84-C5D3937E94EF}.Release|Any CPU.ActiveCfg = Release|Any CPU
		{917EC4F6-A2C3-42FD-9F84-C5D3937E94EF}.Release|Any CPU.Build.0 = Release|Any CPU
		{917EC4F6-A2C3-42FD-9F84-C5D3937E94EF}.Release|x64.ActiveCfg = Release|Any CPU
		{917EC4F6-A2C3-42FD-9F84-C5D3937E94EF}.Release|x64.Build.0 = Release|Any CPU
		{917EC4F6-A2C3-42FD-9F84-C5D3937E94EF}.Release|x86.ActiveCfg = Release|Any CPU
		{917EC4F6-A2C3-42FD-9F84-C5D3937E94EF}.Release|x86.Build.0 = Release|Any CPU
		{15F25024-006A-4147-9EA9-686C0184052A}.Debug|Any CPU.ActiveCfg = Debug|Any CPU
		{15F25024-006A-4147-9EA9-686C0184052A}.Debug|Any CPU.Build.0 = Debug|Any CPU
		{15F25024-006A-4147-9EA9-686C0184052A}.Debug|x64.ActiveCfg = Debug|Any CPU
		{15F25024-006A-4147-9EA9-686C0184052A}.Debug|x64.Build.0 = Debug|Any CPU
		{15F25024-006A-4147-9EA9-686C0184052A}.Debug|x86.ActiveCfg = Debug|Any CPU
		{15F25024-006A-4147-9EA9-686C0184052A}.Debug|x86.Build.0 = Debug|Any CPU
		{15F25024-006A-4147-9EA9-686C0184052A}.Release|Any CPU.ActiveCfg = Release|Any CPU
		{15F25024-006A-4147-9EA9-686C0184052A}.Release|Any CPU.Build.0 = Release|Any CPU
		{15F25024-006A-4147-9EA9-686C0184052A}.Release|x64.ActiveCfg = Release|Any CPU
		{15F25024-006A-4147-9EA9-686C0184052A}.Release|x64.Build.0 = Release|Any CPU
		{15F25024-006A-4147-9EA9-686C0184052A}.Release|x86.ActiveCfg = Release|Any CPU
		{15F25024-006A-4147-9EA9-686C0184052A}.Release|x86.Build.0 = Release|Any CPU
		{F4340E84-30AD-4C8C-9B40-BF4952453269}.Debug|Any CPU.ActiveCfg = Debug|Any CPU
		{F4340E84-30AD-4C8C-9B40-BF4952453269}.Debug|Any CPU.Build.0 = Debug|Any CPU
		{F4340E84-30AD-4C8C-9B40-BF4952453269}.Debug|x64.ActiveCfg = Debug|Any CPU
		{F4340E84-30AD-4C8C-9B40-BF4952453269}.Debug|x64.Build.0 = Debug|Any CPU
		{F4340E84-30AD-4C8C-9B40-BF4952453269}.Debug|x86.ActiveCfg = Debug|Any CPU
		{F4340E84-30AD-4C8C-9B40-BF4952453269}.Debug|x86.Build.0 = Debug|Any CPU
		{F4340E84-30AD-4C8C-9B40-BF4952453269}.Release|Any CPU.ActiveCfg = Release|Any CPU
		{F4340E84-30AD-4C8C-9B40-BF4952453269}.Release|Any CPU.Build.0 = Release|Any CPU
		{F4340E84-30AD-4C8C-9B40-BF4952453269}.Release|x64.ActiveCfg = Release|Any CPU
		{F4340E84-30AD-4C8C-9B40-BF4952453269}.Release|x64.Build.0 = Release|Any CPU
		{F4340E84-30AD-4C8C-9B40-BF4952453269}.Release|x86.ActiveCfg = Release|Any CPU
		{F4340E84-30AD-4C8C-9B40-BF4952453269}.Release|x86.Build.0 = Release|Any CPU
		{1BE80CDC-F10F-4DEB-87EF-5D504BE2F21A}.Debug|Any CPU.ActiveCfg = Debug|Any CPU
		{1BE80CDC-F10F-4DEB-87EF-5D504BE2F21A}.Debug|Any CPU.Build.0 = Debug|Any CPU
		{1BE80CDC-F10F-4DEB-87EF-5D504BE2F21A}.Debug|x64.ActiveCfg = Debug|Any CPU
		{1BE80CDC-F10F-4DEB-87EF-5D504BE2F21A}.Debug|x64.Build.0 = Debug|Any CPU
		{1BE80CDC-F10F-4DEB-87EF-5D504BE2F21A}.Debug|x86.ActiveCfg = Debug|Any CPU
		{1BE80CDC-F10F-4DEB-87EF-5D504BE2F21A}.Debug|x86.Build.0 = Debug|Any CPU
		{1BE80CDC-F10F-4DEB-87EF-5D504BE2F21A}.Release|Any CPU.ActiveCfg = Release|Any CPU
		{1BE80CDC-F10F-4DEB-87EF-5D504BE2F21A}.Release|Any CPU.Build.0 = Release|Any CPU
		{1BE80CDC-F10F-4DEB-87EF-5D504BE2F21A}.Release|x64.ActiveCfg = Release|Any CPU
		{1BE80CDC-F10F-4DEB-87EF-5D504BE2F21A}.Release|x64.Build.0 = Release|Any CPU
		{1BE80CDC-F10F-4DEB-87EF-5D504BE2F21A}.Release|x86.ActiveCfg = Release|Any CPU
		{1BE80CDC-F10F-4DEB-87EF-5D504BE2F21A}.Release|x86.Build.0 = Release|Any CPU
		{A546BC39-D000-4425-9968-CB3115055ABC}.Debug|Any CPU.ActiveCfg = Debug|Any CPU
		{A546BC39-D000-4425-9968-CB3115055ABC}.Debug|Any CPU.Build.0 = Debug|Any CPU
		{A546BC39-D000-4425-9968-CB3115055ABC}.Debug|x64.ActiveCfg = Debug|Any CPU
		{A546BC39-D000-4425-9968-CB3115055ABC}.Debug|x64.Build.0 = Debug|Any CPU
		{A546BC39-D000-4425-9968-CB3115055ABC}.Debug|x86.ActiveCfg = Debug|Any CPU
		{A546BC39-D000-4425-9968-CB3115055ABC}.Debug|x86.Build.0 = Debug|Any CPU
		{A546BC39-D000-4425-9968-CB3115055ABC}.Release|Any CPU.ActiveCfg = Release|Any CPU
		{A546BC39-D000-4425-9968-CB3115055ABC}.Release|Any CPU.Build.0 = Release|Any CPU
		{A546BC39-D000-4425-9968-CB3115055ABC}.Release|x64.ActiveCfg = Release|Any CPU
		{A546BC39-D000-4425-9968-CB3115055ABC}.Release|x64.Build.0 = Release|Any CPU
		{A546BC39-D000-4425-9968-CB3115055ABC}.Release|x86.ActiveCfg = Release|Any CPU
		{A546BC39-D000-4425-9968-CB3115055ABC}.Release|x86.Build.0 = Release|Any CPU
		{AA3971E4-05B4-4828-AB43-BA12763187FD}.Debug|Any CPU.ActiveCfg = Debug|Any CPU
		{AA3971E4-05B4-4828-AB43-BA12763187FD}.Debug|Any CPU.Build.0 = Debug|Any CPU
		{AA3971E4-05B4-4828-AB43-BA12763187FD}.Debug|x64.ActiveCfg = Debug|Any CPU
		{AA3971E4-05B4-4828-AB43-BA12763187FD}.Debug|x64.Build.0 = Debug|Any CPU
		{AA3971E4-05B4-4828-AB43-BA12763187FD}.Debug|x86.ActiveCfg = Debug|Any CPU
		{AA3971E4-05B4-4828-AB43-BA12763187FD}.Debug|x86.Build.0 = Debug|Any CPU
		{AA3971E4-05B4-4828-AB43-BA12763187FD}.Release|Any CPU.ActiveCfg = Release|Any CPU
		{AA3971E4-05B4-4828-AB43-BA12763187FD}.Release|Any CPU.Build.0 = Release|Any CPU
		{AA3971E4-05B4-4828-AB43-BA12763187FD}.Release|x64.ActiveCfg = Release|Any CPU
		{AA3971E4-05B4-4828-AB43-BA12763187FD}.Release|x64.Build.0 = Release|Any CPU
		{AA3971E4-05B4-4828-AB43-BA12763187FD}.Release|x86.ActiveCfg = Release|Any CPU
		{AA3971E4-05B4-4828-AB43-BA12763187FD}.Release|x86.Build.0 = Release|Any CPU
		{A429E7EE-911D-4A94-8CBB-ADD7B1176879}.Debug|Any CPU.ActiveCfg = Debug|Any CPU
		{A429E7EE-911D-4A94-8CBB-ADD7B1176879}.Debug|Any CPU.Build.0 = Debug|Any CPU
		{A429E7EE-911D-4A94-8CBB-ADD7B1176879}.Debug|x64.ActiveCfg = Debug|Any CPU
		{A429E7EE-911D-4A94-8CBB-ADD7B1176879}.Debug|x64.Build.0 = Debug|Any CPU
		{A429E7EE-911D-4A94-8CBB-ADD7B1176879}.Debug|x86.ActiveCfg = Debug|Any CPU
		{A429E7EE-911D-4A94-8CBB-ADD7B1176879}.Debug|x86.Build.0 = Debug|Any CPU
		{A429E7EE-911D-4A94-8CBB-ADD7B1176879}.Release|Any CPU.ActiveCfg = Release|Any CPU
		{A429E7EE-911D-4A94-8CBB-ADD7B1176879}.Release|Any CPU.Build.0 = Release|Any CPU
		{A429E7EE-911D-4A94-8CBB-ADD7B1176879}.Release|x64.ActiveCfg = Release|Any CPU
		{A429E7EE-911D-4A94-8CBB-ADD7B1176879}.Release|x64.Build.0 = Release|Any CPU
		{A429E7EE-911D-4A94-8CBB-ADD7B1176879}.Release|x86.ActiveCfg = Release|Any CPU
		{A429E7EE-911D-4A94-8CBB-ADD7B1176879}.Release|x86.Build.0 = Release|Any CPU
		{C11FF1DE-332D-4287-8B4A-94468EAEE176}.Debug|Any CPU.ActiveCfg = Debug|Any CPU
		{C11FF1DE-332D-4287-8B4A-94468EAEE176}.Debug|Any CPU.Build.0 = Debug|Any CPU
		{C11FF1DE-332D-4287-8B4A-94468EAEE176}.Debug|x64.ActiveCfg = Debug|Any CPU
		{C11FF1DE-332D-4287-8B4A-94468EAEE176}.Debug|x64.Build.0 = Debug|Any CPU
		{C11FF1DE-332D-4287-8B4A-94468EAEE176}.Debug|x86.ActiveCfg = Debug|Any CPU
		{C11FF1DE-332D-4287-8B4A-94468EAEE176}.Debug|x86.Build.0 = Debug|Any CPU
		{C11FF1DE-332D-4287-8B4A-94468EAEE176}.Release|Any CPU.ActiveCfg = Release|Any CPU
		{C11FF1DE-332D-4287-8B4A-94468EAEE176}.Release|Any CPU.Build.0 = Release|Any CPU
		{C11FF1DE-332D-4287-8B4A-94468EAEE176}.Release|x64.ActiveCfg = Release|Any CPU
		{C11FF1DE-332D-4287-8B4A-94468EAEE176}.Release|x64.Build.0 = Release|Any CPU
		{C11FF1DE-332D-4287-8B4A-94468EAEE176}.Release|x86.ActiveCfg = Release|Any CPU
		{C11FF1DE-332D-4287-8B4A-94468EAEE176}.Release|x86.Build.0 = Release|Any CPU
		{875C30D8-1C6A-4D10-92FB-54B0479BC11B}.Debug|Any CPU.ActiveCfg = Debug|Any CPU
		{875C30D8-1C6A-4D10-92FB-54B0479BC11B}.Debug|Any CPU.Build.0 = Debug|Any CPU
		{875C30D8-1C6A-4D10-92FB-54B0479BC11B}.Debug|x64.ActiveCfg = Debug|Any CPU
		{875C30D8-1C6A-4D10-92FB-54B0479BC11B}.Debug|x64.Build.0 = Debug|Any CPU
		{875C30D8-1C6A-4D10-92FB-54B0479BC11B}.Debug|x86.ActiveCfg = Debug|Any CPU
		{875C30D8-1C6A-4D10-92FB-54B0479BC11B}.Debug|x86.Build.0 = Debug|Any CPU
		{875C30D8-1C6A-4D10-92FB-54B0479BC11B}.Release|Any CPU.ActiveCfg = Release|Any CPU
		{875C30D8-1C6A-4D10-92FB-54B0479BC11B}.Release|Any CPU.Build.0 = Release|Any CPU
		{875C30D8-1C6A-4D10-92FB-54B0479BC11B}.Release|x64.ActiveCfg = Release|Any CPU
		{875C30D8-1C6A-4D10-92FB-54B0479BC11B}.Release|x64.Build.0 = Release|Any CPU
		{875C30D8-1C6A-4D10-92FB-54B0479BC11B}.Release|x86.ActiveCfg = Release|Any CPU
		{875C30D8-1C6A-4D10-92FB-54B0479BC11B}.Release|x86.Build.0 = Release|Any CPU
		{3E97B74C-9725-436D-93FF-2AB39AF0EE7B}.Debug|Any CPU.ActiveCfg = Debug|Any CPU
		{3E97B74C-9725-436D-93FF-2AB39AF0EE7B}.Debug|Any CPU.Build.0 = Debug|Any CPU
		{3E97B74C-9725-436D-93FF-2AB39AF0EE7B}.Debug|x64.ActiveCfg = Debug|Any CPU
		{3E97B74C-9725-436D-93FF-2AB39AF0EE7B}.Debug|x64.Build.0 = Debug|Any CPU
		{3E97B74C-9725-436D-93FF-2AB39AF0EE7B}.Debug|x86.ActiveCfg = Debug|Any CPU
		{3E97B74C-9725-436D-93FF-2AB39AF0EE7B}.Debug|x86.Build.0 = Debug|Any CPU
		{3E97B74C-9725-436D-93FF-2AB39AF0EE7B}.Release|Any CPU.ActiveCfg = Release|Any CPU
		{3E97B74C-9725-436D-93FF-2AB39AF0EE7B}.Release|Any CPU.Build.0 = Release|Any CPU
		{3E97B74C-9725-436D-93FF-2AB39AF0EE7B}.Release|x64.ActiveCfg = Release|Any CPU
		{3E97B74C-9725-436D-93FF-2AB39AF0EE7B}.Release|x64.Build.0 = Release|Any CPU
		{3E97B74C-9725-436D-93FF-2AB39AF0EE7B}.Release|x86.ActiveCfg = Release|Any CPU
		{3E97B74C-9725-436D-93FF-2AB39AF0EE7B}.Release|x86.Build.0 = Release|Any CPU
		{63EBDCEB-4ED7-4035-86C1-94FF5BAFBAC8}.Debug|Any CPU.ActiveCfg = Debug|Any CPU
		{63EBDCEB-4ED7-4035-86C1-94FF5BAFBAC8}.Debug|Any CPU.Build.0 = Debug|Any CPU
		{63EBDCEB-4ED7-4035-86C1-94FF5BAFBAC8}.Debug|x64.ActiveCfg = Debug|Any CPU
		{63EBDCEB-4ED7-4035-86C1-94FF5BAFBAC8}.Debug|x64.Build.0 = Debug|Any CPU
		{63EBDCEB-4ED7-4035-86C1-94FF5BAFBAC8}.Debug|x86.ActiveCfg = Debug|Any CPU
		{63EBDCEB-4ED7-4035-86C1-94FF5BAFBAC8}.Debug|x86.Build.0 = Debug|Any CPU
		{63EBDCEB-4ED7-4035-86C1-94FF5BAFBAC8}.Release|Any CPU.ActiveCfg = Release|Any CPU
		{63EBDCEB-4ED7-4035-86C1-94FF5BAFBAC8}.Release|Any CPU.Build.0 = Release|Any CPU
		{63EBDCEB-4ED7-4035-86C1-94FF5BAFBAC8}.Release|x64.ActiveCfg = Release|Any CPU
		{63EBDCEB-4ED7-4035-86C1-94FF5BAFBAC8}.Release|x64.Build.0 = Release|Any CPU
		{63EBDCEB-4ED7-4035-86C1-94FF5BAFBAC8}.Release|x86.ActiveCfg = Release|Any CPU
		{63EBDCEB-4ED7-4035-86C1-94FF5BAFBAC8}.Release|x86.Build.0 = Release|Any CPU
		{510A54AF-89BA-43C3-BF5B-C93CC065E498}.Debug|Any CPU.ActiveCfg = Debug|Any CPU
		{510A54AF-89BA-43C3-BF5B-C93CC065E498}.Debug|Any CPU.Build.0 = Debug|Any CPU
		{510A54AF-89BA-43C3-BF5B-C93CC065E498}.Debug|x64.ActiveCfg = Debug|Any CPU
		{510A54AF-89BA-43C3-BF5B-C93CC065E498}.Debug|x64.Build.0 = Debug|Any CPU
		{510A54AF-89BA-43C3-BF5B-C93CC065E498}.Debug|x86.ActiveCfg = Debug|Any CPU
		{510A54AF-89BA-43C3-BF5B-C93CC065E498}.Debug|x86.Build.0 = Debug|Any CPU
		{510A54AF-89BA-43C3-BF5B-C93CC065E498}.Release|Any CPU.ActiveCfg = Release|Any CPU
		{510A54AF-89BA-43C3-BF5B-C93CC065E498}.Release|Any CPU.Build.0 = Release|Any CPU
		{510A54AF-89BA-43C3-BF5B-C93CC065E498}.Release|x64.ActiveCfg = Release|Any CPU
		{510A54AF-89BA-43C3-BF5B-C93CC065E498}.Release|x64.Build.0 = Release|Any CPU
		{510A54AF-89BA-43C3-BF5B-C93CC065E498}.Release|x86.ActiveCfg = Release|Any CPU
		{510A54AF-89BA-43C3-BF5B-C93CC065E498}.Release|x86.Build.0 = Release|Any CPU
		{AE608931-CA40-422D-8104-534017224B3C}.Debug|Any CPU.ActiveCfg = Debug|Any CPU
		{AE608931-CA40-422D-8104-534017224B3C}.Debug|Any CPU.Build.0 = Debug|Any CPU
		{AE608931-CA40-422D-8104-534017224B3C}.Debug|x64.ActiveCfg = Debug|Any CPU
		{AE608931-CA40-422D-8104-534017224B3C}.Debug|x64.Build.0 = Debug|Any CPU
		{AE608931-CA40-422D-8104-534017224B3C}.Debug|x86.ActiveCfg = Debug|Any CPU
		{AE608931-CA40-422D-8104-534017224B3C}.Debug|x86.Build.0 = Debug|Any CPU
		{AE608931-CA40-422D-8104-534017224B3C}.Release|Any CPU.ActiveCfg = Release|Any CPU
		{AE608931-CA40-422D-8104-534017224B3C}.Release|Any CPU.Build.0 = Release|Any CPU
		{AE608931-CA40-422D-8104-534017224B3C}.Release|x64.ActiveCfg = Release|Any CPU
		{AE608931-CA40-422D-8104-534017224B3C}.Release|x64.Build.0 = Release|Any CPU
		{AE608931-CA40-422D-8104-534017224B3C}.Release|x86.ActiveCfg = Release|Any CPU
		{AE608931-CA40-422D-8104-534017224B3C}.Release|x86.Build.0 = Release|Any CPU
		{02979FCF-87B2-49C4-B961-94032950E5A6}.Debug|Any CPU.ActiveCfg = Debug|Any CPU
		{02979FCF-87B2-49C4-B961-94032950E5A6}.Debug|Any CPU.Build.0 = Debug|Any CPU
		{02979FCF-87B2-49C4-B961-94032950E5A6}.Debug|x64.ActiveCfg = Debug|Any CPU
		{02979FCF-87B2-49C4-B961-94032950E5A6}.Debug|x64.Build.0 = Debug|Any CPU
		{02979FCF-87B2-49C4-B961-94032950E5A6}.Debug|x86.ActiveCfg = Debug|Any CPU
		{02979FCF-87B2-49C4-B961-94032950E5A6}.Debug|x86.Build.0 = Debug|Any CPU
		{02979FCF-87B2-49C4-B961-94032950E5A6}.Release|Any CPU.ActiveCfg = Release|Any CPU
		{02979FCF-87B2-49C4-B961-94032950E5A6}.Release|Any CPU.Build.0 = Release|Any CPU
		{02979FCF-87B2-49C4-B961-94032950E5A6}.Release|x64.ActiveCfg = Release|Any CPU
		{02979FCF-87B2-49C4-B961-94032950E5A6}.Release|x64.Build.0 = Release|Any CPU
		{02979FCF-87B2-49C4-B961-94032950E5A6}.Release|x86.ActiveCfg = Release|Any CPU
		{02979FCF-87B2-49C4-B961-94032950E5A6}.Release|x86.Build.0 = Release|Any CPU
		{E1EBF217-714C-4164-AAD0-30B1793A0C43}.Debug|Any CPU.ActiveCfg = Debug|Any CPU
		{E1EBF217-714C-4164-AAD0-30B1793A0C43}.Debug|Any CPU.Build.0 = Debug|Any CPU
		{E1EBF217-714C-4164-AAD0-30B1793A0C43}.Debug|x64.ActiveCfg = Debug|Any CPU
		{E1EBF217-714C-4164-AAD0-30B1793A0C43}.Debug|x64.Build.0 = Debug|Any CPU
		{E1EBF217-714C-4164-AAD0-30B1793A0C43}.Debug|x86.ActiveCfg = Debug|Any CPU
		{E1EBF217-714C-4164-AAD0-30B1793A0C43}.Debug|x86.Build.0 = Debug|Any CPU
		{E1EBF217-714C-4164-AAD0-30B1793A0C43}.Release|Any CPU.ActiveCfg = Release|Any CPU
		{E1EBF217-714C-4164-AAD0-30B1793A0C43}.Release|Any CPU.Build.0 = Release|Any CPU
		{E1EBF217-714C-4164-AAD0-30B1793A0C43}.Release|x64.ActiveCfg = Release|Any CPU
		{E1EBF217-714C-4164-AAD0-30B1793A0C43}.Release|x64.Build.0 = Release|Any CPU
		{E1EBF217-714C-4164-AAD0-30B1793A0C43}.Release|x86.ActiveCfg = Release|Any CPU
		{E1EBF217-714C-4164-AAD0-30B1793A0C43}.Release|x86.Build.0 = Release|Any CPU
		{96B3808F-D6A6-47BC-A20A-61CFB5A7081D}.Debug|Any CPU.ActiveCfg = Debug|Any CPU
		{96B3808F-D6A6-47BC-A20A-61CFB5A7081D}.Debug|Any CPU.Build.0 = Debug|Any CPU
		{96B3808F-D6A6-47BC-A20A-61CFB5A7081D}.Debug|x64.ActiveCfg = Debug|Any CPU
		{96B3808F-D6A6-47BC-A20A-61CFB5A7081D}.Debug|x64.Build.0 = Debug|Any CPU
		{96B3808F-D6A6-47BC-A20A-61CFB5A7081D}.Debug|x86.ActiveCfg = Debug|Any CPU
		{96B3808F-D6A6-47BC-A20A-61CFB5A7081D}.Debug|x86.Build.0 = Debug|Any CPU
		{96B3808F-D6A6-47BC-A20A-61CFB5A7081D}.Release|Any CPU.ActiveCfg = Release|Any CPU
		{96B3808F-D6A6-47BC-A20A-61CFB5A7081D}.Release|Any CPU.Build.0 = Release|Any CPU
		{96B3808F-D6A6-47BC-A20A-61CFB5A7081D}.Release|x64.ActiveCfg = Release|Any CPU
		{96B3808F-D6A6-47BC-A20A-61CFB5A7081D}.Release|x64.Build.0 = Release|Any CPU
		{96B3808F-D6A6-47BC-A20A-61CFB5A7081D}.Release|x86.ActiveCfg = Release|Any CPU
		{96B3808F-D6A6-47BC-A20A-61CFB5A7081D}.Release|x86.Build.0 = Release|Any CPU
		{DBE2E843-6F7D-4B7D-AFFA-625BD50AF0CB}.Debug|Any CPU.ActiveCfg = Debug|Any CPU
		{DBE2E843-6F7D-4B7D-AFFA-625BD50AF0CB}.Debug|Any CPU.Build.0 = Debug|Any CPU
		{DBE2E843-6F7D-4B7D-AFFA-625BD50AF0CB}.Debug|x64.ActiveCfg = Debug|Any CPU
		{DBE2E843-6F7D-4B7D-AFFA-625BD50AF0CB}.Debug|x64.Build.0 = Debug|Any CPU
		{DBE2E843-6F7D-4B7D-AFFA-625BD50AF0CB}.Debug|x86.ActiveCfg = Debug|Any CPU
		{DBE2E843-6F7D-4B7D-AFFA-625BD50AF0CB}.Debug|x86.Build.0 = Debug|Any CPU
		{DBE2E843-6F7D-4B7D-AFFA-625BD50AF0CB}.Release|Any CPU.ActiveCfg = Release|Any CPU
		{DBE2E843-6F7D-4B7D-AFFA-625BD50AF0CB}.Release|Any CPU.Build.0 = Release|Any CPU
		{DBE2E843-6F7D-4B7D-AFFA-625BD50AF0CB}.Release|x64.ActiveCfg = Release|Any CPU
		{DBE2E843-6F7D-4B7D-AFFA-625BD50AF0CB}.Release|x64.Build.0 = Release|Any CPU
		{DBE2E843-6F7D-4B7D-AFFA-625BD50AF0CB}.Release|x86.ActiveCfg = Release|Any CPU
		{DBE2E843-6F7D-4B7D-AFFA-625BD50AF0CB}.Release|x86.Build.0 = Release|Any CPU
		{99955C2C-EEB2-460C-AE61-2B4061595805}.Debug|Any CPU.ActiveCfg = Debug|Any CPU
		{99955C2C-EEB2-460C-AE61-2B4061595805}.Debug|Any CPU.Build.0 = Debug|Any CPU
		{99955C2C-EEB2-460C-AE61-2B4061595805}.Debug|x64.ActiveCfg = Debug|Any CPU
		{99955C2C-EEB2-460C-AE61-2B4061595805}.Debug|x64.Build.0 = Debug|Any CPU
		{99955C2C-EEB2-460C-AE61-2B4061595805}.Debug|x86.ActiveCfg = Debug|Any CPU
		{99955C2C-EEB2-460C-AE61-2B4061595805}.Debug|x86.Build.0 = Debug|Any CPU
		{99955C2C-EEB2-460C-AE61-2B4061595805}.Release|Any CPU.ActiveCfg = Release|Any CPU
		{99955C2C-EEB2-460C-AE61-2B4061595805}.Release|Any CPU.Build.0 = Release|Any CPU
		{99955C2C-EEB2-460C-AE61-2B4061595805}.Release|x64.ActiveCfg = Release|Any CPU
		{99955C2C-EEB2-460C-AE61-2B4061595805}.Release|x64.Build.0 = Release|Any CPU
		{99955C2C-EEB2-460C-AE61-2B4061595805}.Release|x86.ActiveCfg = Release|Any CPU
		{99955C2C-EEB2-460C-AE61-2B4061595805}.Release|x86.Build.0 = Release|Any CPU
		{62231A72-1791-468E-AAE5-E8960E3FD5C5}.Debug|Any CPU.ActiveCfg = Debug|Any CPU
		{62231A72-1791-468E-AAE5-E8960E3FD5C5}.Debug|Any CPU.Build.0 = Debug|Any CPU
		{62231A72-1791-468E-AAE5-E8960E3FD5C5}.Debug|x64.ActiveCfg = Debug|Any CPU
		{62231A72-1791-468E-AAE5-E8960E3FD5C5}.Debug|x64.Build.0 = Debug|Any CPU
		{62231A72-1791-468E-AAE5-E8960E3FD5C5}.Debug|x86.ActiveCfg = Debug|Any CPU
		{62231A72-1791-468E-AAE5-E8960E3FD5C5}.Debug|x86.Build.0 = Debug|Any CPU
		{62231A72-1791-468E-AAE5-E8960E3FD5C5}.Release|Any CPU.ActiveCfg = Release|Any CPU
		{62231A72-1791-468E-AAE5-E8960E3FD5C5}.Release|Any CPU.Build.0 = Release|Any CPU
		{62231A72-1791-468E-AAE5-E8960E3FD5C5}.Release|x64.ActiveCfg = Release|Any CPU
		{62231A72-1791-468E-AAE5-E8960E3FD5C5}.Release|x64.Build.0 = Release|Any CPU
		{62231A72-1791-468E-AAE5-E8960E3FD5C5}.Release|x86.ActiveCfg = Release|Any CPU
		{62231A72-1791-468E-AAE5-E8960E3FD5C5}.Release|x86.Build.0 = Release|Any CPU
		{03EB752C-2CA6-449A-8B95-71C128FC9D8C}.Debug|Any CPU.ActiveCfg = Debug|Any CPU
		{03EB752C-2CA6-449A-8B95-71C128FC9D8C}.Debug|Any CPU.Build.0 = Debug|Any CPU
		{03EB752C-2CA6-449A-8B95-71C128FC9D8C}.Debug|x64.ActiveCfg = Debug|Any CPU
		{03EB752C-2CA6-449A-8B95-71C128FC9D8C}.Debug|x64.Build.0 = Debug|Any CPU
		{03EB752C-2CA6-449A-8B95-71C128FC9D8C}.Debug|x86.ActiveCfg = Debug|Any CPU
		{03EB752C-2CA6-449A-8B95-71C128FC9D8C}.Debug|x86.Build.0 = Debug|Any CPU
		{03EB752C-2CA6-449A-8B95-71C128FC9D8C}.Release|Any CPU.ActiveCfg = Release|Any CPU
		{03EB752C-2CA6-449A-8B95-71C128FC9D8C}.Release|Any CPU.Build.0 = Release|Any CPU
		{03EB752C-2CA6-449A-8B95-71C128FC9D8C}.Release|x64.ActiveCfg = Release|Any CPU
		{03EB752C-2CA6-449A-8B95-71C128FC9D8C}.Release|x64.Build.0 = Release|Any CPU
		{03EB752C-2CA6-449A-8B95-71C128FC9D8C}.Release|x86.ActiveCfg = Release|Any CPU
		{03EB752C-2CA6-449A-8B95-71C128FC9D8C}.Release|x86.Build.0 = Release|Any CPU
		{ECEC479F-4C39-4C5D-9DBC-EFF675E9CEF6}.Debug|Any CPU.ActiveCfg = Debug|Any CPU
		{ECEC479F-4C39-4C5D-9DBC-EFF675E9CEF6}.Debug|Any CPU.Build.0 = Debug|Any CPU
		{ECEC479F-4C39-4C5D-9DBC-EFF675E9CEF6}.Debug|x64.ActiveCfg = Debug|Any CPU
		{ECEC479F-4C39-4C5D-9DBC-EFF675E9CEF6}.Debug|x64.Build.0 = Debug|Any CPU
		{ECEC479F-4C39-4C5D-9DBC-EFF675E9CEF6}.Debug|x86.ActiveCfg = Debug|Any CPU
		{ECEC479F-4C39-4C5D-9DBC-EFF675E9CEF6}.Debug|x86.Build.0 = Debug|Any CPU
		{ECEC479F-4C39-4C5D-9DBC-EFF675E9CEF6}.Release|Any CPU.ActiveCfg = Release|Any CPU
		{ECEC479F-4C39-4C5D-9DBC-EFF675E9CEF6}.Release|Any CPU.Build.0 = Release|Any CPU
		{ECEC479F-4C39-4C5D-9DBC-EFF675E9CEF6}.Release|x64.ActiveCfg = Release|Any CPU
		{ECEC479F-4C39-4C5D-9DBC-EFF675E9CEF6}.Release|x64.Build.0 = Release|Any CPU
		{ECEC479F-4C39-4C5D-9DBC-EFF675E9CEF6}.Release|x86.ActiveCfg = Release|Any CPU
		{ECEC479F-4C39-4C5D-9DBC-EFF675E9CEF6}.Release|x86.Build.0 = Release|Any CPU
		{7F802F8E-DC80-4510-8E66-7FF44A4AD6D8}.Debug|Any CPU.ActiveCfg = Debug|Any CPU
		{7F802F8E-DC80-4510-8E66-7FF44A4AD6D8}.Debug|Any CPU.Build.0 = Debug|Any CPU
		{7F802F8E-DC80-4510-8E66-7FF44A4AD6D8}.Debug|x64.ActiveCfg = Debug|Any CPU
		{7F802F8E-DC80-4510-8E66-7FF44A4AD6D8}.Debug|x64.Build.0 = Debug|Any CPU
		{7F802F8E-DC80-4510-8E66-7FF44A4AD6D8}.Debug|x86.ActiveCfg = Debug|Any CPU
		{7F802F8E-DC80-4510-8E66-7FF44A4AD6D8}.Debug|x86.Build.0 = Debug|Any CPU
		{7F802F8E-DC80-4510-8E66-7FF44A4AD6D8}.Release|Any CPU.ActiveCfg = Release|Any CPU
		{7F802F8E-DC80-4510-8E66-7FF44A4AD6D8}.Release|Any CPU.Build.0 = Release|Any CPU
		{7F802F8E-DC80-4510-8E66-7FF44A4AD6D8}.Release|x64.ActiveCfg = Release|Any CPU
		{7F802F8E-DC80-4510-8E66-7FF44A4AD6D8}.Release|x64.Build.0 = Release|Any CPU
		{7F802F8E-DC80-4510-8E66-7FF44A4AD6D8}.Release|x86.ActiveCfg = Release|Any CPU
		{7F802F8E-DC80-4510-8E66-7FF44A4AD6D8}.Release|x86.Build.0 = Release|Any CPU
		{A1C06FAC-4878-47BE-8693-31D1F29A54D2}.Debug|Any CPU.ActiveCfg = Debug|Any CPU
		{A1C06FAC-4878-47BE-8693-31D1F29A54D2}.Debug|Any CPU.Build.0 = Debug|Any CPU
		{A1C06FAC-4878-47BE-8693-31D1F29A54D2}.Debug|x64.ActiveCfg = Debug|Any CPU
		{A1C06FAC-4878-47BE-8693-31D1F29A54D2}.Debug|x64.Build.0 = Debug|Any CPU
		{A1C06FAC-4878-47BE-8693-31D1F29A54D2}.Debug|x86.ActiveCfg = Debug|Any CPU
		{A1C06FAC-4878-47BE-8693-31D1F29A54D2}.Debug|x86.Build.0 = Debug|Any CPU
		{A1C06FAC-4878-47BE-8693-31D1F29A54D2}.Release|Any CPU.ActiveCfg = Release|Any CPU
		{A1C06FAC-4878-47BE-8693-31D1F29A54D2}.Release|Any CPU.Build.0 = Release|Any CPU
		{A1C06FAC-4878-47BE-8693-31D1F29A54D2}.Release|x64.ActiveCfg = Release|Any CPU
		{A1C06FAC-4878-47BE-8693-31D1F29A54D2}.Release|x64.Build.0 = Release|Any CPU
		{A1C06FAC-4878-47BE-8693-31D1F29A54D2}.Release|x86.ActiveCfg = Release|Any CPU
		{A1C06FAC-4878-47BE-8693-31D1F29A54D2}.Release|x86.Build.0 = Release|Any CPU
	EndGlobalSection
	GlobalSection(SolutionProperties) = preSolution
		HideSolutionNode = FALSE
	EndGlobalSection
	GlobalSection(NestedProjects) = preSolution
		{0C125DFD-53B3-43D1-AA79-610BF3A5FFA2} = {E0D1BB69-CA10-4D90-9CFA-633ADBB2FD6E}
		{D6351D0C-A55B-4FE8-BD06-072F3A1FE6D4} = {E0D1BB69-CA10-4D90-9CFA-633ADBB2FD6E}
		{9154E693-CDCA-436C-B65D-E23893E325DA} = {E0D1BB69-CA10-4D90-9CFA-633ADBB2FD6E}
		{42B9F514-E4B8-4F4B-A1C2-068FF3142EE7} = {E0D1BB69-CA10-4D90-9CFA-633ADBB2FD6E}
		{C388A2DF-2EF3-4929-8C53-D59F648301CB} = {E0D1BB69-CA10-4D90-9CFA-633ADBB2FD6E}
		{4FA301E5-4912-4A09-B303-EC41600DE5F4} = {E0D1BB69-CA10-4D90-9CFA-633ADBB2FD6E}
		{24EE2D3D-DA9D-4C8E-A63B-F8A77454D90C} = {E0D1BB69-CA10-4D90-9CFA-633ADBB2FD6E}
		{611B58AF-BDDE-4AD4-A99F-C1B3E854DE15} = {E0D1BB69-CA10-4D90-9CFA-633ADBB2FD6E}
		{EEBCB0FC-4E31-4220-884C-2FBF3F156429} = {E0D1BB69-CA10-4D90-9CFA-633ADBB2FD6E}
		{A5C288C9-4014-40DD-B634-242944142C14} = {E0D1BB69-CA10-4D90-9CFA-633ADBB2FD6E}
		{77A7AFD2-A6E9-46DD-B1E2-F01E3C130EB5} = {E0D1BB69-CA10-4D90-9CFA-633ADBB2FD6E}
		{D2D7DE57-17CE-4504-BF9B-582FA44EF88A} = {E0D1BB69-CA10-4D90-9CFA-633ADBB2FD6E}
		{9F776339-46AB-4F40-9EAC-BAE1F5E4DD70} = {E0D1BB69-CA10-4D90-9CFA-633ADBB2FD6E}
		{6B7FDB62-C9FC-4EE3-BFED-93904A8028ED} = {E0D1BB69-CA10-4D90-9CFA-633ADBB2FD6E}
		{49C98ABC-9636-44CF-9193-0614E2DF17CF} = {E0D1BB69-CA10-4D90-9CFA-633ADBB2FD6E}
		{5A8087A7-1831-44AC-964B-4E624F2978B7} = {E0D1BB69-CA10-4D90-9CFA-633ADBB2FD6E}
		{C7F4AABD-2CE8-4E32-9A16-DFD2A277B73F} = {E0D1BB69-CA10-4D90-9CFA-633ADBB2FD6E}
		{D1D8A65D-B3BF-4467-9A81-B1CDFA4ECF17} = {E0D1BB69-CA10-4D90-9CFA-633ADBB2FD6E}
		{3185AAC7-08C9-4071-B3AD-F8CC13A1E13F} = {E0D1BB69-CA10-4D90-9CFA-633ADBB2FD6E}
		{6FCD0314-9D2C-49AF-85DF-15AE1C0E046E} = {E0D1BB69-CA10-4D90-9CFA-633ADBB2FD6E}
		{4FF2FD8B-3CD3-4FC1-B981-40D763990EE5} = {E0D1BB69-CA10-4D90-9CFA-633ADBB2FD6E}
		{917EC4F6-A2C3-42FD-9F84-C5D3937E94EF} = {E0D1BB69-CA10-4D90-9CFA-633ADBB2FD6E}
		{15F25024-006A-4147-9EA9-686C0184052A} = {E0D1BB69-CA10-4D90-9CFA-633ADBB2FD6E}
		{F4340E84-30AD-4C8C-9B40-BF4952453269} = {E0D1BB69-CA10-4D90-9CFA-633ADBB2FD6E}
		{1BE80CDC-F10F-4DEB-87EF-5D504BE2F21A} = {E0D1BB69-CA10-4D90-9CFA-633ADBB2FD6E}
		{A546BC39-D000-4425-9968-CB3115055ABC} = {E0D1BB69-CA10-4D90-9CFA-633ADBB2FD6E}
		{AA3971E4-05B4-4828-AB43-BA12763187FD} = {E0D1BB69-CA10-4D90-9CFA-633ADBB2FD6E}
		{A429E7EE-911D-4A94-8CBB-ADD7B1176879} = {E0D1BB69-CA10-4D90-9CFA-633ADBB2FD6E}
		{C11FF1DE-332D-4287-8B4A-94468EAEE176} = {E0D1BB69-CA10-4D90-9CFA-633ADBB2FD6E}
		{875C30D8-1C6A-4D10-92FB-54B0479BC11B} = {E0D1BB69-CA10-4D90-9CFA-633ADBB2FD6E}
		{3E97B74C-9725-436D-93FF-2AB39AF0EE7B} = {E0D1BB69-CA10-4D90-9CFA-633ADBB2FD6E}
		{63EBDCEB-4ED7-4035-86C1-94FF5BAFBAC8} = {E0D1BB69-CA10-4D90-9CFA-633ADBB2FD6E}
		{510A54AF-89BA-43C3-BF5B-C93CC065E498} = {E0D1BB69-CA10-4D90-9CFA-633ADBB2FD6E}
		{AE608931-CA40-422D-8104-534017224B3C} = {E0D1BB69-CA10-4D90-9CFA-633ADBB2FD6E}
		{02979FCF-87B2-49C4-B961-94032950E5A6} = {E0D1BB69-CA10-4D90-9CFA-633ADBB2FD6E}
		{E1EBF217-714C-4164-AAD0-30B1793A0C43} = {E0D1BB69-CA10-4D90-9CFA-633ADBB2FD6E}
		{96B3808F-D6A6-47BC-A20A-61CFB5A7081D} = {E0D1BB69-CA10-4D90-9CFA-633ADBB2FD6E}
		{DBE2E843-6F7D-4B7D-AFFA-625BD50AF0CB} = {E0D1BB69-CA10-4D90-9CFA-633ADBB2FD6E}
		{99955C2C-EEB2-460C-AE61-2B4061595805} = {E0D1BB69-CA10-4D90-9CFA-633ADBB2FD6E}
		{62231A72-1791-468E-AAE5-E8960E3FD5C5} = {E0D1BB69-CA10-4D90-9CFA-633ADBB2FD6E}
		{03EB752C-2CA6-449A-8B95-71C128FC9D8C} = {E0D1BB69-CA10-4D90-9CFA-633ADBB2FD6E}
		{ECEC479F-4C39-4C5D-9DBC-EFF675E9CEF6} = {E0D1BB69-CA10-4D90-9CFA-633ADBB2FD6E}
		{7F802F8E-DC80-4510-8E66-7FF44A4AD6D8} = {E0D1BB69-CA10-4D90-9CFA-633ADBB2FD6E}
		{A1C06FAC-4878-47BE-8693-31D1F29A54D2} = {E0D1BB69-CA10-4D90-9CFA-633ADBB2FD6E}
	EndGlobalSection
	GlobalSection(ExtensibilityGlobals) = postSolution
		SolutionGuid = {2B379CFE-5DFC-45C0-AC54-C10835539B11}
	EndGlobalSection
EndGlobal
